
Microsoft Visual Studio Solution File, Format Version 12.00
# Visual Studio Version 17
VisualStudioVersion = 17.13.35825.156 d17.13
MinimumVisualStudioVersion = 10.0.40219.1
Project("{FAE04EC0-301F-11D3-BF4B-00C04F79EFBC}") = "Famenova.API", "Famenova.API\Famenova.API.csproj", "{F9B3948C-3FF6-4345-B3CC-472F3CDE10D1}"
EndProject
Project("{FAE04EC0-301F-11D3-BF4B-00C04F79EFBC}") = "famenova.Infrastructure", "famenova.Infrastructure\famenova.Infrastructure.csproj", "{8D437FE2-80B6-4209-94F1-47FDCB351864}"
EndProject
Project("{FAE04EC0-301F-11D3-BF4B-00C04F79EFBC}") = "famenova.Domain", "famenova.Domain\famenova.Domain.csproj", "{347D57B1-89B6-4180-9620-7A92408E3051}"
EndProject
Project("{FAE04EC0-301F-11D3-BF4B-00C04F79EFBC}") = "Famenova.Application", "Famenova.Application\Famenova.Application.csproj", "{FD9CFA93-660D-46B4-81C2-0C0407665DE2}"
EndProject
Global
	GlobalSection(SolutionConfigurationPlatforms) = preSolution
		Debug|Any CPU = Debug|Any CPU
		Release|Any CPU = Release|Any CPU
	EndGlobalSection
	GlobalSection(ProjectConfigurationPlatforms) = postSolution
		{F9B3948C-3FF6-4345-B3CC-472F3CDE10D1}.Debug|Any CPU.ActiveCfg = Debug|Any CPU
		{F9B3948C-3FF6-4345-B3CC-472F3CDE10D1}.Debug|Any CPU.Build.0 = Debug|Any CPU
		{F9B3948C-3FF6-4345-B3CC-472F3CDE10D1}.Release|Any CPU.ActiveCfg = Release|Any CPU
		{F9B3948C-3FF6-4345-B3CC-472F3CDE10D1}.Release|Any CPU.Build.0 = Release|Any CPU
		{8D437FE2-80B6-4209-94F1-47FDCB351864}.Debug|Any CPU.ActiveCfg = Debug|Any CPU
		{8D437FE2-80B6-4209-94F1-47FDCB351864}.Debug|Any CPU.Build.0 = Debug|Any CPU
		{8D437FE2-80B6-4209-94F1-47FDCB351864}.Release|Any CPU.ActiveCfg = Release|Any CPU
		{8D437FE2-80B6-4209-94F1-47FDCB351864}.Release|Any CPU.Build.0 = Release|Any CPU
		{347D57B1-89B6-4180-9620-7A92408E3051}.Debug|Any CPU.ActiveCfg = Debug|Any CPU
		{347D57B1-89B6-4180-9620-7A92408E3051}.Debug|Any CPU.Build.0 = Debug|Any CPU
		{347D57B1-89B6-4180-9620-7A92408E3051}.Release|Any CPU.ActiveCfg = Release|Any CPU
		{347D57B1-89B6-4180-9620-7A92408E3051}.Release|Any CPU.Build.0 = Release|Any CPU
		{FD9CFA93-660D-46B4-81C2-0C0407665DE2}.Debug|Any CPU.ActiveCfg = Debug|Any CPU
		{FD9CFA93-660D-46B4-81C2-0C0407665DE2}.Debug|Any CPU.Build.0 = Debug|Any CPU
		{FD9CFA93-660D-46B4-81C2-0C0407665DE2}.Release|Any CPU.ActiveCfg = Release|Any CPU
		{FD9CFA93-660D-46B4-81C2-0C0407665DE2}.Release|Any CPU.Build.0 = Release|Any CPU
	EndGlobalSection
	GlobalSection(SolutionProperties) = preSolution
		HideSolutionNode = FALSE
	EndGlobalSection
	GlobalSection(ExtensibilityGlobals) = postSolution
		SolutionGuid = {495C799C-D50F-428A-B091-5158864F017A}
	EndGlobalSection
EndGlobal
